
Microsoft Visual Studio Solution File, Format Version 12.00
# Visual Studio Version 16
VisualStudioVersion = 16.0.32929.386
MinimumVisualStudioVersion = 10.0.40219.1
Project("{FAE04EC0-301F-11D3-BF4B-00C04F79EFBC}") = "MORT", "MORT\MORT.csproj", "{3757B925-61EE-4BB0-9EA7-9D53BAF6D67E}"
	ProjectSection(ProjectDependencies) = postProject
		{5507B6D0-DE3F-4F1A-A733-5F5803D6F534} = {5507B6D0-DE3F-4F1A-A733-5F5803D6F534}
	EndProjectSection
EndProject
Project("{FAE04EC0-301F-11D3-BF4B-00C04F79EFBC}") = "GSTrans", "GSTrans\GSTrans.csproj", "{5507B6D0-DE3F-4F1A-A733-5F5803D6F534}"
EndProject
Project("{FAE04EC0-301F-11D3-BF4B-00C04F79EFBC}") = "ScreenCapture", "ScreenCapture\ScreenCapture.csproj", "{15DB6114-38A2-4C44-A365-FD0247FD0642}"
EndProject
Project("{FAE04EC0-301F-11D3-BF4B-00C04F79EFBC}") = "PipeClient", "PipeClient\PipeClient.csproj", "{0CF1C0E9-9196-44E3-92EF-EB5ED82CACC3}"
EndProject
Project("{FAE04EC0-301F-11D3-BF4B-00C04F79EFBC}") = "CloudVision", "CloudVision\CloudVision.csproj", "{54B0F7B3-3D49-44D6-A887-DBAB5D7A104F}"
EndProject
Global
	GlobalSection(SolutionConfigurationPlatforms) = preSolution
		Debug|Any CPU = Debug|Any CPU
		Debug|x64 = Debug|x64
		Debug|x86 = Debug|x86
		Release|Any CPU = Release|Any CPU
		Release|x64 = Release|x64
		Release|x86 = Release|x86
		원격|Any CPU = 원격|Any CPU
		원격|x64 = 원격|x64
		원격|x86 = 원격|x86
	EndGlobalSection
	GlobalSection(ProjectConfigurationPlatforms) = postSolution
		{3757B925-61EE-4BB0-9EA7-9D53BAF6D67E}.Debug|Any CPU.ActiveCfg = Debug|x86
		{3757B925-61EE-4BB0-9EA7-9D53BAF6D67E}.Debug|x64.ActiveCfg = Debug|x86
		{3757B925-61EE-4BB0-9EA7-9D53BAF6D67E}.Debug|x64.Build.0 = Debug|x86
		{3757B925-61EE-4BB0-9EA7-9D53BAF6D67E}.Debug|x86.ActiveCfg = Debug|x86
		{3757B925-61EE-4BB0-9EA7-9D53BAF6D67E}.Debug|x86.Build.0 = Debug|x86
		{3757B925-61EE-4BB0-9EA7-9D53BAF6D67E}.Release|Any CPU.ActiveCfg = Release|x86
		{3757B925-61EE-4BB0-9EA7-9D53BAF6D67E}.Release|x64.ActiveCfg = Release|x64
		{3757B925-61EE-4BB0-9EA7-9D53BAF6D67E}.Release|x64.Build.0 = Release|x64
		{3757B925-61EE-4BB0-9EA7-9D53BAF6D67E}.Release|x86.ActiveCfg = Release|x86
		{3757B925-61EE-4BB0-9EA7-9D53BAF6D67E}.Release|x86.Build.0 = Release|x86
		{3757B925-61EE-4BB0-9EA7-9D53BAF6D67E}.원격|Any CPU.ActiveCfg = 원격|x86
		{3757B925-61EE-4BB0-9EA7-9D53BAF6D67E}.원격|x64.ActiveCfg = Debug|x86
		{3757B925-61EE-4BB0-9EA7-9D53BAF6D67E}.원격|x64.Build.0 = Debug|x86
		{3757B925-61EE-4BB0-9EA7-9D53BAF6D67E}.원격|x86.ActiveCfg = Debug|x86
		{3757B925-61EE-4BB0-9EA7-9D53BAF6D67E}.원격|x86.Build.0 = Debug|x86
		{5507B6D0-DE3F-4F1A-A733-5F5803D6F534}.Debug|Any CPU.ActiveCfg = Debug|Any CPU
		{5507B6D0-DE3F-4F1A-A733-5F5803D6F534}.Debug|Any CPU.Build.0 = Debug|Any CPU
		{5507B6D0-DE3F-4F1A-A733-5F5803D6F534}.Debug|x64.ActiveCfg = Debug|Any CPU
		{5507B6D0-DE3F-4F1A-A733-5F5803D6F534}.Debug|x64.Build.0 = Debug|Any CPU
		{5507B6D0-DE3F-4F1A-A733-5F5803D6F534}.Debug|x86.ActiveCfg = Debug|Any CPU
		{5507B6D0-DE3F-4F1A-A733-5F5803D6F534}.Debug|x86.Build.0 = Debug|Any CPU
		{5507B6D0-DE3F-4F1A-A733-5F5803D6F534}.Release|Any CPU.ActiveCfg = Release|Any CPU
		{5507B6D0-DE3F-4F1A-A733-5F5803D6F534}.Release|Any CPU.Build.0 = Release|Any CPU
		{5507B6D0-DE3F-4F1A-A733-5F5803D6F534}.Release|x64.ActiveCfg = Release|x64
		{5507B6D0-DE3F-4F1A-A733-5F5803D6F534}.Release|x64.Build.0 = Release|x64
		{5507B6D0-DE3F-4F1A-A733-5F5803D6F534}.Release|x86.ActiveCfg = Release|x64
		{5507B6D0-DE3F-4F1A-A733-5F5803D6F534}.Release|x86.Build.0 = Release|x64
		{5507B6D0-DE3F-4F1A-A733-5F5803D6F534}.원격|Any CPU.ActiveCfg = Release|Any CPU
		{5507B6D0-DE3F-4F1A-A733-5F5803D6F534}.원격|Any CPU.Build.0 = Release|Any CPU
		{5507B6D0-DE3F-4F1A-A733-5F5803D6F534}.원격|x64.ActiveCfg = Release|Any CPU
		{5507B6D0-DE3F-4F1A-A733-5F5803D6F534}.원격|x64.Build.0 = Release|Any CPU
		{5507B6D0-DE3F-4F1A-A733-5F5803D6F534}.원격|x86.ActiveCfg = Release|Any CPU
		{5507B6D0-DE3F-4F1A-A733-5F5803D6F534}.원격|x86.Build.0 = Release|Any CPU
		{15DB6114-38A2-4C44-A365-FD0247FD0642}.Debug|Any CPU.ActiveCfg = Debug|Any CPU
		{15DB6114-38A2-4C44-A365-FD0247FD0642}.Debug|Any CPU.Build.0 = Debug|Any CPU
		{15DB6114-38A2-4C44-A365-FD0247FD0642}.Debug|x64.ActiveCfg = Debug|Any CPU
		{15DB6114-38A2-4C44-A365-FD0247FD0642}.Debug|x64.Build.0 = Debug|Any CPU
		{15DB6114-38A2-4C44-A365-FD0247FD0642}.Debug|x86.ActiveCfg = Debug|Any CPU
		{15DB6114-38A2-4C44-A365-FD0247FD0642}.Debug|x86.Build.0 = Debug|Any CPU
		{15DB6114-38A2-4C44-A365-FD0247FD0642}.Release|Any CPU.ActiveCfg = Release|Any CPU
		{15DB6114-38A2-4C44-A365-FD0247FD0642}.Release|Any CPU.Build.0 = Release|Any CPU
		{15DB6114-38A2-4C44-A365-FD0247FD0642}.Release|x64.ActiveCfg = Release|x64
		{15DB6114-38A2-4C44-A365-FD0247FD0642}.Release|x64.Build.0 = Release|x64
		{15DB6114-38A2-4C44-A365-FD0247FD0642}.Release|x86.ActiveCfg = Release|Any CPU
		{15DB6114-38A2-4C44-A365-FD0247FD0642}.Release|x86.Build.0 = Release|Any CPU
		{15DB6114-38A2-4C44-A365-FD0247FD0642}.원격|Any CPU.ActiveCfg = Debug|Any CPU
		{15DB6114-38A2-4C44-A365-FD0247FD0642}.원격|Any CPU.Build.0 = Debug|Any CPU
		{15DB6114-38A2-4C44-A365-FD0247FD0642}.원격|x64.ActiveCfg = Debug|Any CPU
		{15DB6114-38A2-4C44-A365-FD0247FD0642}.원격|x64.Build.0 = Debug|Any CPU
		{15DB6114-38A2-4C44-A365-FD0247FD0642}.원격|x86.ActiveCfg = Debug|Any CPU
		{15DB6114-38A2-4C44-A365-FD0247FD0642}.원격|x86.Build.0 = Debug|Any CPU
		{0CF1C0E9-9196-44E3-92EF-EB5ED82CACC3}.Debug|Any CPU.ActiveCfg = Debug|Any CPU
		{0CF1C0E9-9196-44E3-92EF-EB5ED82CACC3}.Debug|Any CPU.Build.0 = Debug|Any CPU
		{0CF1C0E9-9196-44E3-92EF-EB5ED82CACC3}.Debug|x64.ActiveCfg = Debug|Any CPU
		{0CF1C0E9-9196-44E3-92EF-EB5ED82CACC3}.Debug|x64.Build.0 = Debug|Any CPU
		{0CF1C0E9-9196-44E3-92EF-EB5ED82CACC3}.Debug|x86.ActiveCfg = Debug|Any CPU
		{0CF1C0E9-9196-44E3-92EF-EB5ED82CACC3}.Debug|x86.Build.0 = Debug|Any CPU
		{0CF1C0E9-9196-44E3-92EF-EB5ED82CACC3}.Release|Any CPU.ActiveCfg = Release|Any CPU
		{0CF1C0E9-9196-44E3-92EF-EB5ED82CACC3}.Release|Any CPU.Build.0 = Release|Any CPU
		{0CF1C0E9-9196-44E3-92EF-EB5ED82CACC3}.Release|x64.ActiveCfg = Release|Any CPU
		{0CF1C0E9-9196-44E3-92EF-EB5ED82CACC3}.Release|x64.Build.0 = Release|Any CPU
		{0CF1C0E9-9196-44E3-92EF-EB5ED82CACC3}.Release|x86.ActiveCfg = Release|Any CPU
		{0CF1C0E9-9196-44E3-92EF-EB5ED82CACC3}.Release|x86.Build.0 = Release|Any CPU
		{0CF1C0E9-9196-44E3-92EF-EB5ED82CACC3}.원격|Any CPU.ActiveCfg = Debug|Any CPU
		{0CF1C0E9-9196-44E3-92EF-EB5ED82CACC3}.원격|Any CPU.Build.0 = Debug|Any CPU
		{0CF1C0E9-9196-44E3-92EF-EB5ED82CACC3}.원격|x64.ActiveCfg = Debug|Any CPU
		{0CF1C0E9-9196-44E3-92EF-EB5ED82CACC3}.원격|x64.Build.0 = Debug|Any CPU
		{0CF1C0E9-9196-44E3-92EF-EB5ED82CACC3}.원격|x86.ActiveCfg = Debug|Any CPU
		{0CF1C0E9-9196-44E3-92EF-EB5ED82CACC3}.원격|x86.Build.0 = Debug|Any CPU
		{54B0F7B3-3D49-44D6-A887-DBAB5D7A104F}.Debug|Any CPU.ActiveCfg = Debug|Any CPU
		{54B0F7B3-3D49-44D6-A887-DBAB5D7A104F}.Debug|Any CPU.Build.0 = Debug|Any CPU
		{54B0F7B3-3D49-44D6-A887-DBAB5D7A104F}.Debug|x64.ActiveCfg = Debug|Any CPU
		{54B0F7B3-3D49-44D6-A887-DBAB5D7A104F}.Debug|x64.Build.0 = Debug|Any CPU
		{54B0F7B3-3D49-44D6-A887-DBAB5D7A104F}.Debug|x86.ActiveCfg = Debug|Any CPU
		{54B0F7B3-3D49-44D6-A887-DBAB5D7A104F}.Debug|x86.Build.0 = Debug|Any CPU
		{54B0F7B3-3D49-44D6-A887-DBAB5D7A104F}.Release|Any CPU.ActiveCfg = Release|Any CPU
		{54B0F7B3-3D49-44D6-A887-DBAB5D7A104F}.Release|Any CPU.Build.0 = Release|Any CPU
		{54B0F7B3-3D49-44D6-A887-DBAB5D7A104F}.Release|x64.ActiveCfg = Release|Any CPU
		{54B0F7B3-3D49-44D6-A887-DBAB5D7A104F}.Release|x64.Build.0 = Release|Any CPU
		{54B0F7B3-3D49-44D6-A887-DBAB5D7A104F}.Release|x86.ActiveCfg = Release|Any CPU
		{54B0F7B3-3D49-44D6-A887-DBAB5D7A104F}.Release|x86.Build.0 = Release|Any CPU
		{54B0F7B3-3D49-44D6-A887-DBAB5D7A104F}.원격|Any CPU.ActiveCfg = Debug|Any CPU
		{54B0F7B3-3D49-44D6-A887-DBAB5D7A104F}.원격|Any CPU.Build.0 = Debug|Any CPU
		{54B0F7B3-3D49-44D6-A887-DBAB5D7A104F}.원격|x64.ActiveCfg = Debug|Any CPU
		{54B0F7B3-3D49-44D6-A887-DBAB5D7A104F}.원격|x64.Build.0 = Debug|Any CPU
		{54B0F7B3-3D49-44D6-A887-DBAB5D7A104F}.원격|x86.ActiveCfg = Debug|Any CPU
		{54B0F7B3-3D49-44D6-A887-DBAB5D7A104F}.원격|x86.Build.0 = Debug|Any CPU
	EndGlobalSection
	GlobalSection(SolutionProperties) = preSolution
		HideSolutionNode = FALSE
	EndGlobalSection
	GlobalSection(ExtensibilityGlobals) = postSolution
		SolutionGuid = {0269A823-2296-4890-9D5E-EDF39A32663C}
	EndGlobalSection
EndGlobal
