
Microsoft Visual Studio Solution File, Format Version 12.00
# Visual Studio Version 17
VisualStudioVersion = 17.1.32328.378
MinimumVisualStudioVersion = 10.0.40219.1
Project("{FAE04EC0-301F-11D3-BF4B-00C04F79EFBC}") = "GSTrans", "GSTrans\GSTrans.csproj", "{5507B6D0-DE3F-4F1A-A733-5F5803D6F534}"
EndProject
Project("{FAE04EC0-301F-11D3-BF4B-00C04F79EFBC}") = "ScreenCapture", "ScreenCapture\ScreenCapture.csproj", "{15DB6114-38A2-4C44-A365-FD0247FD0642}"
EndProject
Project("{9A19103F-16F7-4668-BE54-9A1E7A4F7556}") = "MORT", "MORT\MORT.csproj", "{26B85EFA-2610-4BEF-9F70-8B65807E6CFE}"
EndProject
Project("{FAE04EC0-301F-11D3-BF4B-00C04F79EFBC}") = "PipeClient", "PipeClient\PipeClient.csproj", "{0CF1C0E9-9196-44E3-92EF-EB5ED82CACC3}"
EndProject
Project("{FAE04EC0-301F-11D3-BF4B-00C04F79EFBC}") = "CloudVision", "CloudVision\CloudVision.csproj", "{54B0F7B3-3D49-44D6-A887-DBAB5D7A104F}"
EndProject
Global
	GlobalSection(SolutionConfigurationPlatforms) = preSolution
		Debug|x86 = Debug|x86
		Release|x86 = Release|x86
	EndGlobalSection
	GlobalSection(ProjectConfigurationPlatforms) = postSolution
		{5507B6D0-DE3F-4F1A-A733-5F5803D6F534}.Debug|x86.ActiveCfg = Debug|x86
		{5507B6D0-DE3F-4F1A-A733-5F5803D6F534}.Debug|x86.Build.0 = Debug|x86
		{5507B6D0-DE3F-4F1A-A733-5F5803D6F534}.Release|x86.ActiveCfg = Release|x86
		{5507B6D0-DE3F-4F1A-A733-5F5803D6F534}.Release|x86.Build.0 = Release|x86
		{15DB6114-38A2-4C44-A365-FD0247FD0642}.Debug|x86.ActiveCfg = Debug|x86
		{15DB6114-38A2-4C44-A365-FD0247FD0642}.Debug|x86.Build.0 = Debug|x86
		{15DB6114-38A2-4C44-A365-FD0247FD0642}.Release|x86.ActiveCfg = Release|x86
		{15DB6114-38A2-4C44-A365-FD0247FD0642}.Release|x86.Build.0 = Release|x86
		{26B85EFA-2610-4BEF-9F70-8B65807E6CFE}.Debug|x86.ActiveCfg = Debug|x86
		{26B85EFA-2610-4BEF-9F70-8B65807E6CFE}.Debug|x86.Build.0 = Debug|x86
		{26B85EFA-2610-4BEF-9F70-8B65807E6CFE}.Release|x86.ActiveCfg = Release|x86
		{26B85EFA-2610-4BEF-9F70-8B65807E6CFE}.Release|x86.Build.0 = Release|x86
		{0CF1C0E9-9196-44E3-92EF-EB5ED82CACC3}.Debug|x86.ActiveCfg = Debug|Any CPU
		{0CF1C0E9-9196-44E3-92EF-EB5ED82CACC3}.Debug|x86.Build.0 = Debug|Any CPU
		{0CF1C0E9-9196-44E3-92EF-EB5ED82CACC3}.Release|x86.ActiveCfg = Release|Any CPU
		{0CF1C0E9-9196-44E3-92EF-EB5ED82CACC3}.Release|x86.Build.0 = Release|Any CPU
		{54B0F7B3-3D49-44D6-A887-DBAB5D7A104F}.Debug|x86.ActiveCfg = Debug|Any CPU
		{54B0F7B3-3D49-44D6-A887-DBAB5D7A104F}.Debug|x86.Build.0 = Debug|Any CPU
		{54B0F7B3-3D49-44D6-A887-DBAB5D7A104F}.Release|x86.ActiveCfg = Release|Any CPU
		{54B0F7B3-3D49-44D6-A887-DBAB5D7A104F}.Release|x86.Build.0 = Release|Any CPU
	EndGlobalSection
	GlobalSection(SolutionProperties) = preSolution
		HideSolutionNode = FALSE
	EndGlobalSection
	GlobalSection(ExtensibilityGlobals) = postSolution
		SolutionGuid = {0269A823-2296-4890-9D5E-EDF39A32663C}
	EndGlobalSection
EndGlobal
